
Microsoft Visual Studio Solution File, Format Version 12.00
# Visual Studio Version 16
VisualStudioVersion = 16.0.30104.148
MinimumVisualStudioVersion = 10.0.40219.1
Project("{FAE04EC0-301F-11D3-BF4B-00C04F79EFBC}") = "course_project", "course_project\course_project.csproj", "{0F936D79-CD9B-4572-951A-60C3B96D9246}"
EndProject
Global
	GlobalSection(SolutionConfigurationPlatforms) = preSolution
		Debug|Any CPU = Debug|Any CPU
		Release|Any CPU = Release|Any CPU
	EndGlobalSection
	GlobalSection(ProjectConfigurationPlatforms) = postSolution
		{0F936D79-CD9B-4572-951A-60C3B96D9246}.Debug|Any CPU.ActiveCfg = Debug|Any CPU
		{0F936D79-CD9B-4572-951A-60C3B96D9246}.Debug|Any CPU.Build.0 = Debug|Any CPU
		{0F936D79-CD9B-4572-951A-60C3B96D9246}.Release|Any CPU.ActiveCfg = Release|Any CPU
		{0F936D79-CD9B-4572-951A-60C3B96D9246}.Release|Any CPU.Build.0 = Release|Any CPU
	EndGlobalSection
	GlobalSection(SolutionProperties) = preSolution
		HideSolutionNode = FALSE
	EndGlobalSection
	GlobalSection(ExtensibilityGlobals) = postSolution
		SolutionGuid = {BE861014-1711-4A39-80F2-9E2467311BC1}
	EndGlobalSection
EndGlobal
